
Microsoft Visual Studio Solution File, Format Version 12.00
# Visual Studio Version 16
VisualStudioVersion = 16.0.29613.14
MinimumVisualStudioVersion = 10.0.40219.1
Project("{9A19103F-16F7-4668-BE54-9A1E7A4F7556}") = "Portfolio.Api", "Portfolio.Api.csproj", "{5E42ED29-23E2-477A-8C37-A91C41A41A3D}"
EndProject
Project("{9A19103F-16F7-4668-BE54-9A1E7A4F7556}") = "Portfolio.Models", "..\Portfolio.Models\Portfolio.Models.csproj", "{4B567E79-FC68-470C-BFBF-C1C238E8B232}"
EndProject
Project("{9A19103F-16F7-4668-BE54-9A1E7A4F7556}") = "Portfolio.Database", "..\Portfolio.Database\Portfolio.Database.csproj", "{FAB93473-E1C4-47ED-AD3B-5FCE2AF1C438}"
EndProject
Project("{9A19103F-16F7-4668-BE54-9A1E7A4F7556}") = "Portfolio.Domain", "..\Domain\Portfolio.Domain.csproj", "{2E2FF3AA-999C-4A49-87DE-D9BD72D4FA1D}"
EndProject
Project("{2150E333-8FDC-42A3-9474-1A3956D46DE8}") = "src", "src", "{5115E4D4-EBA7-4B05-9493-8959360A35EF}"
EndProject
Global
	GlobalSection(SolutionConfigurationPlatforms) = preSolution
		Debug|Any CPU = Debug|Any CPU
		Release|Any CPU = Release|Any CPU
	EndGlobalSection
	GlobalSection(ProjectConfigurationPlatforms) = postSolution
		{5E42ED29-23E2-477A-8C37-A91C41A41A3D}.Debug|Any CPU.ActiveCfg = Debug|Any CPU
		{5E42ED29-23E2-477A-8C37-A91C41A41A3D}.Debug|Any CPU.Build.0 = Debug|Any CPU
		{5E42ED29-23E2-477A-8C37-A91C41A41A3D}.Release|Any CPU.ActiveCfg = Release|Any CPU
		{5E42ED29-23E2-477A-8C37-A91C41A41A3D}.Release|Any CPU.Build.0 = Release|Any CPU
		{4B567E79-FC68-470C-BFBF-C1C238E8B232}.Debug|Any CPU.ActiveCfg = Debug|Any CPU
		{4B567E79-FC68-470C-BFBF-C1C238E8B232}.Debug|Any CPU.Build.0 = Debug|Any CPU
		{4B567E79-FC68-470C-BFBF-C1C238E8B232}.Release|Any CPU.ActiveCfg = Release|Any CPU
		{4B567E79-FC68-470C-BFBF-C1C238E8B232}.Release|Any CPU.Build.0 = Release|Any CPU
		{FAB93473-E1C4-47ED-AD3B-5FCE2AF1C438}.Debug|Any CPU.ActiveCfg = Debug|Any CPU
		{FAB93473-E1C4-47ED-AD3B-5FCE2AF1C438}.Debug|Any CPU.Build.0 = Debug|Any CPU
		{FAB93473-E1C4-47ED-AD3B-5FCE2AF1C438}.Release|Any CPU.ActiveCfg = Release|Any CPU
		{FAB93473-E1C4-47ED-AD3B-5FCE2AF1C438}.Release|Any CPU.Build.0 = Release|Any CPU
		{2E2FF3AA-999C-4A49-87DE-D9BD72D4FA1D}.Debug|Any CPU.ActiveCfg = Debug|Any CPU
		{2E2FF3AA-999C-4A49-87DE-D9BD72D4FA1D}.Debug|Any CPU.Build.0 = Debug|Any CPU
		{2E2FF3AA-999C-4A49-87DE-D9BD72D4FA1D}.Release|Any CPU.ActiveCfg = Release|Any CPU
		{2E2FF3AA-999C-4A49-87DE-D9BD72D4FA1D}.Release|Any CPU.Build.0 = Release|Any CPU
	EndGlobalSection
	GlobalSection(SolutionProperties) = preSolution
		HideSolutionNode = FALSE
	EndGlobalSection
	GlobalSection(NestedProjects) = preSolution
		{5E42ED29-23E2-477A-8C37-A91C41A41A3D} = {5115E4D4-EBA7-4B05-9493-8959360A35EF}
		{4B567E79-FC68-470C-BFBF-C1C238E8B232} = {5115E4D4-EBA7-4B05-9493-8959360A35EF}
		{FAB93473-E1C4-47ED-AD3B-5FCE2AF1C438} = {5115E4D4-EBA7-4B05-9493-8959360A35EF}
		{2E2FF3AA-999C-4A49-87DE-D9BD72D4FA1D} = {5115E4D4-EBA7-4B05-9493-8959360A35EF}
	EndGlobalSection
	GlobalSection(ExtensibilityGlobals) = postSolution
		SolutionGuid = {83DDD606-1554-4ECD-AC3D-FF136B137E13}
	EndGlobalSection
EndGlobal
